
Microsoft Visual Studio Solution File, Format Version 12.00
# Visual Studio Version 17
VisualStudioVersion = 17.14.36109.1 d17.14
MinimumVisualStudioVersion = 10.0.40219.1
Project("{FAE04EC0-301F-11D3-BF4B-00C04F79EFBC}") = "Utulek_projekt", "Utulek_projekt\Utulek_projekt.csproj", "{C9000F52-B8E7-4D62-845D-F56D67D6506D}"
EndProject
Global
	GlobalSection(SolutionConfigurationPlatforms) = preSolution
		Debug|Any CPU = Debug|Any CPU
		Release|Any CPU = Release|Any CPU
	EndGlobalSection
	GlobalSection(ProjectConfigurationPlatforms) = postSolution
		{C9000F52-B8E7-4D62-845D-F56D67D6506D}.Debug|Any CPU.ActiveCfg = Debug|Any CPU
		{C9000F52-B8E7-4D62-845D-F56D67D6506D}.Debug|Any CPU.Build.0 = Debug|Any CPU
		{C9000F52-B8E7-4D62-845D-F56D67D6506D}.Release|Any CPU.ActiveCfg = Release|Any CPU
		{C9000F52-B8E7-4D62-845D-F56D67D6506D}.Release|Any CPU.Build.0 = Release|Any CPU
	EndGlobalSection
	GlobalSection(SolutionProperties) = preSolution
		HideSolutionNode = FALSE
	EndGlobalSection
	GlobalSection(ExtensibilityGlobals) = postSolution
		SolutionGuid = {37EA8E36-9AA6-4FCB-A9DE-6AF6FAF60F6C}
	EndGlobalSection
EndGlobal
